
Microsoft Visual Studio Solution File, Format Version 12.00
# Visual Studio Version 17
VisualStudioVersion = 17.9.34622.214
MinimumVisualStudioVersion = 10.0.40219.1
Project("{FAE04EC0-301F-11D3-BF4B-00C04F79EFBC}") = "SwapNumbers", "SwapNumbers\SwapNumbers.csproj", "{206F885C-71DB-4BFC-94C1-62429BC592A1}"
EndProject
Global
	GlobalSection(SolutionConfigurationPlatforms) = preSolution
		Debug|Any CPU = Debug|Any CPU
		Release|Any CPU = Release|Any CPU
	EndGlobalSection
	GlobalSection(ProjectConfigurationPlatforms) = postSolution
		{206F885C-71DB-4BFC-94C1-62429BC592A1}.Debug|Any CPU.ActiveCfg = Debug|Any CPU
		{206F885C-71DB-4BFC-94C1-62429BC592A1}.Debug|Any CPU.Build.0 = Debug|Any CPU
		{206F885C-71DB-4BFC-94C1-62429BC592A1}.Release|Any CPU.ActiveCfg = Release|Any CPU
		{206F885C-71DB-4BFC-94C1-62429BC592A1}.Release|Any CPU.Build.0 = Release|Any CPU
	EndGlobalSection
	GlobalSection(SolutionProperties) = preSolution
		HideSolutionNode = FALSE
	EndGlobalSection
	GlobalSection(ExtensibilityGlobals) = postSolution
		SolutionGuid = {B8E72980-1A7C-471E-945F-248B56D9E732}
	EndGlobalSection
EndGlobal
